
Microsoft Visual Studio Solution File, Format Version 12.00
# Visual Studio Version 17
VisualStudioVersion = 17.11.35222.181
MinimumVisualStudioVersion = 10.0.40219.1
Project("{8BC9CEB8-8B4A-11D0-8D11-00A0C91BC942}") = "HW1 Q1", "HW1 Q1.vcxproj", "{726728D4-4F5F-415A-B279-B9C913155A25}"
EndProject
Global
	GlobalSection(SolutionConfigurationPlatforms) = preSolution
		Debug|x64 = Debug|x64
		Debug|x86 = Debug|x86
		Release|x64 = Release|x64
		Release|x86 = Release|x86
	EndGlobalSection
	GlobalSection(ProjectConfigurationPlatforms) = postSolution
		{726728D4-4F5F-415A-B279-B9C913155A25}.Debug|x64.ActiveCfg = Debug|x64
		{726728D4-4F5F-415A-B279-B9C913155A25}.Debug|x64.Build.0 = Debug|x64
		{726728D4-4F5F-415A-B279-B9C913155A25}.Debug|x86.ActiveCfg = Debug|Win32
		{726728D4-4F5F-415A-B279-B9C913155A25}.Debug|x86.Build.0 = Debug|Win32
		{726728D4-4F5F-415A-B279-B9C913155A25}.Release|x64.ActiveCfg = Release|x64
		{726728D4-4F5F-415A-B279-B9C913155A25}.Release|x64.Build.0 = Release|x64
		{726728D4-4F5F-415A-B279-B9C913155A25}.Release|x86.ActiveCfg = Release|Win32
		{726728D4-4F5F-415A-B279-B9C913155A25}.Release|x86.Build.0 = Release|Win32
	EndGlobalSection
	GlobalSection(SolutionProperties) = preSolution
		HideSolutionNode = FALSE
	EndGlobalSection
	GlobalSection(ExtensibilityGlobals) = postSolution
		SolutionGuid = {7C9F47A6-92F6-4908-9AB4-7B5B84341378}
	EndGlobalSection
EndGlobal
