
Microsoft Visual Studio Solution File, Format Version 12.00
# Visual Studio Version 17
VisualStudioVersion = 17.11.35222.181
MinimumVisualStudioVersion = 10.0.40219.1
Project("{8BC9CEB8-8B4A-11D0-8D11-00A0C91BC942}") = "HW1Q2", "HW1Q2.vcxproj", "{C1891257-5A52-4469-BF3D-D577F1651D84}"
EndProject
Global
	GlobalSection(SolutionConfigurationPlatforms) = preSolution
		Debug|x64 = Debug|x64
		Debug|x86 = Debug|x86
		Release|x64 = Release|x64
		Release|x86 = Release|x86
	EndGlobalSection
	GlobalSection(ProjectConfigurationPlatforms) = postSolution
		{C1891257-5A52-4469-BF3D-D577F1651D84}.Debug|x64.ActiveCfg = Debug|x64
		{C1891257-5A52-4469-BF3D-D577F1651D84}.Debug|x64.Build.0 = Debug|x64
		{C1891257-5A52-4469-BF3D-D577F1651D84}.Debug|x86.ActiveCfg = Debug|Win32
		{C1891257-5A52-4469-BF3D-D577F1651D84}.Debug|x86.Build.0 = Debug|Win32
		{C1891257-5A52-4469-BF3D-D577F1651D84}.Release|x64.ActiveCfg = Release|x64
		{C1891257-5A52-4469-BF3D-D577F1651D84}.Release|x64.Build.0 = Release|x64
		{C1891257-5A52-4469-BF3D-D577F1651D84}.Release|x86.ActiveCfg = Release|Win32
		{C1891257-5A52-4469-BF3D-D577F1651D84}.Release|x86.Build.0 = Release|Win32
	EndGlobalSection
	GlobalSection(SolutionProperties) = preSolution
		HideSolutionNode = FALSE
	EndGlobalSection
	GlobalSection(ExtensibilityGlobals) = postSolution
		SolutionGuid = {181DB867-9EA5-425F-945C-C33E9179BF68}
	EndGlobalSection
EndGlobal
